
Microsoft Visual Studio Solution File, Format Version 12.00
# Visual Studio Version 16
VisualStudioVersion = 16.0.29409.12
MinimumVisualStudioVersion = 10.0.40219.1
Project("{9A19103F-16F7-4668-BE54-9A1E7A4F7556}") = "VDCompany", "VDCompany\VDCompany.csproj", "{85B13A71-C8AC-4110-B65F-2A7182C670BF}"
EndProject
Project("{FAE04EC0-301F-11D3-BF4B-00C04F79EFBC}") = "VDCompanyMVC", "VDCompanyMVC\VDCompanyMVC.csproj", "{F0362E71-9982-4797-BFCF-C7802ECD9A12}"
EndProject
Global
	GlobalSection(SolutionConfigurationPlatforms) = preSolution
		Debug|Any CPU = Debug|Any CPU
		Release|Any CPU = Release|Any CPU
	EndGlobalSection
	GlobalSection(ProjectConfigurationPlatforms) = postSolution
		{85B13A71-C8AC-4110-B65F-2A7182C670BF}.Debug|Any CPU.ActiveCfg = Debug|Any CPU
		{85B13A71-C8AC-4110-B65F-2A7182C670BF}.Debug|Any CPU.Build.0 = Debug|Any CPU
		{85B13A71-C8AC-4110-B65F-2A7182C670BF}.Release|Any CPU.ActiveCfg = Release|Any CPU
		{85B13A71-C8AC-4110-B65F-2A7182C670BF}.Release|Any CPU.Build.0 = Release|Any CPU
		{F0362E71-9982-4797-BFCF-C7802ECD9A12}.Debug|Any CPU.ActiveCfg = Debug|Any CPU
		{F0362E71-9982-4797-BFCF-C7802ECD9A12}.Debug|Any CPU.Build.0 = Debug|Any CPU
		{F0362E71-9982-4797-BFCF-C7802ECD9A12}.Release|Any CPU.ActiveCfg = Release|Any CPU
		{F0362E71-9982-4797-BFCF-C7802ECD9A12}.Release|Any CPU.Build.0 = Release|Any CPU
	EndGlobalSection
	GlobalSection(SolutionProperties) = preSolution
		HideSolutionNode = FALSE
	EndGlobalSection
	GlobalSection(ExtensibilityGlobals) = postSolution
		SolutionGuid = {C18CFDA5-1820-4E55-8621-0918193C0D12}
	EndGlobalSection
EndGlobal
